{
  "name": "contributor-codex",
  "version": "0.8.0",
  "lockfileVersion": 3,
  "requires": true,
  "packages": {
    "": {
      "name": "contributor-codex",
      "version": "0.8.0",
      "dependencies": {
        "@boy-offi9-inc/reqkit": "^0.1.7",
        "@vercel/firewall": "^1.2.1"
      },
      "engines": {
        "node": ">=18"
      }
    },
    "node_modules/@boy-offi9-inc/reqkit": {
      "version": "0.1.7",
      "resolved": "https://registry.npmjs.org/@boy-offi9-inc/reqkit/-/reqkit-0.1.7.tgz",
      "integrity": "sha512-5pbi3toiZJzjS0teiJ8Z4M8ABFAV+aL/ePtCd0v69rYRhTLfSlIzfwut2QfVg9eQYmCYk4Mqo7XH5+bh+/SpqQ==",
      "license": "MIT",
      "engines": {
        "node": ">=18"
      }
    },
    "node_modules/@vercel/firewall": {
      "version": "1.2.5",
      "resolved": "https://registry.npmjs.org/@vercel/firewall/-/firewall-1.2.5.tgz",
      "integrity": "sha512-rylXD6sfUgJMtYGuILXZZPy1af2aLQbRIAQf5nr2vI84PdGNaPEu19VvMG05KOXZ2qwfwf99OsM8brO9VzN8Gg==",
      "license": "Apache-2.0",
      "engines": {
        "node": ">= 20"
      }
    }
  }
}
